
Microsoft Visual Studio Solution File, Format Version 12.00
# Visual Studio 15
VisualStudioVersion = 15.0.28307.106
MinimumVisualStudioVersion = 10.0.40219.1
Project("{8BC9CEB8-8B4A-11D0-8D11-00A0C91BC942}") = "study_game_TextRPG(Func)", "study_game_TextRPG(Func)\study_game_TextRPG(Func).vcxproj", "{E4129E90-66C0-46BE-847E-EA6C3BD13C49}"
EndProject
Global
	GlobalSection(SolutionConfigurationPlatforms) = preSolution
		Debug|x64 = Debug|x64
		Debug|x86 = Debug|x86
		Release|x64 = Release|x64
		Release|x86 = Release|x86
	EndGlobalSection
	GlobalSection(ProjectConfigurationPlatforms) = postSolution
		{E4129E90-66C0-46BE-847E-EA6C3BD13C49}.Debug|x64.ActiveCfg = Debug|x64
		{E4129E90-66C0-46BE-847E-EA6C3BD13C49}.Debug|x64.Build.0 = Debug|x64
		{E4129E90-66C0-46BE-847E-EA6C3BD13C49}.Debug|x86.ActiveCfg = Debug|Win32
		{E4129E90-66C0-46BE-847E-EA6C3BD13C49}.Debug|x86.Build.0 = Debug|Win32
		{E4129E90-66C0-46BE-847E-EA6C3BD13C49}.Release|x64.ActiveCfg = Release|x64
		{E4129E90-66C0-46BE-847E-EA6C3BD13C49}.Release|x64.Build.0 = Release|x64
		{E4129E90-66C0-46BE-847E-EA6C3BD13C49}.Release|x86.ActiveCfg = Release|Win32
		{E4129E90-66C0-46BE-847E-EA6C3BD13C49}.Release|x86.Build.0 = Release|Win32
	EndGlobalSection
	GlobalSection(SolutionProperties) = preSolution
		HideSolutionNode = FALSE
	EndGlobalSection
	GlobalSection(ExtensibilityGlobals) = postSolution
		SolutionGuid = {61998AB2-AA61-46E2-A99A-AA6F72F5E051}
	EndGlobalSection
EndGlobal
